# Temporary lockfile generated offline. Run `pnpm install` in an online environment to refresh resolutions.
lockfileVersion: '9.0'
settings:
  autoInstallPeers: true
  excludeLinksFromLockfile: false
importers:
  .:
    dependencies: {}
    devDependencies: {}
  backend:
    dependencies:
      '@supabase/supabase-js':
        specifier: ^2.47.1
        version: 2.47.1
      '@ton/core':
        specifier: ^0.58.1
        version: 0.58.1
      '@ton/crypto':
        specifier: ^3.3.0
        version: 3.3.0
      cors:
        specifier: ^2.8.5
        version: 2.8.5
      dotenv:
        specifier: ^16.4.5
        version: 16.4.5
      express:
        specifier: ^4.19.2
        version: 4.19.2
      pino:
        specifier: ^9.5.0
        version: 9.5.0
      tonweb:
        specifier: ^0.0.69
        version: 0.0.69
      ws:
        specifier: ^8.17.1
        version: 8.17.1
      zod:
        specifier: ^3.23.8
        version: 3.23.8
    devDependencies:
      '@types/cors':
        specifier: ^2.8.17
        version: 2.8.17
      '@types/express':
        specifier: ^4.17.21
        version: 4.17.21
      '@types/node':
        specifier: ^20.12.12
        version: 20.12.12
      '@types/ws':
        specifier: ^8.5.10
        version: 8.5.10
      nodemon:
        specifier: ^3.0.3
        version: 3.0.3
      'ts-node':
        specifier: ^10.9.2
        version: 10.9.2
      typescript:
        specifier: ^5.4.5
        version: 5.4.5
  frontend:
    dependencies:
      '@chakra-ui/react':
        specifier: ^2.8.2
        version: 2.8.2
      '@emotion/react':
        specifier: ^11.11.4
        version: 11.11.4
      '@emotion/styled':
        specifier: ^11.11.0
        version: 11.11.0
      '@ton/core':
        specifier: ^0.58.1
        version: 0.58.1
      buffer:
        specifier: ^6.0.3
        version: 6.0.3
      framer-motion:
        specifier: ^11.0.3
        version: 11.0.3
      react:
        specifier: ^18.3.1
        version: 18.3.1
      'react-dom':
        specifier: ^18.3.1
        version: 18.3.1
      'react-icons':
        specifier: ^5.0.1
        version: 5.0.1
      'react-router-dom':
        specifier: ^6.22.3
        version: 6.22.3
      zustand:
        specifier: file:src/lib/zustand
        version: file:src/lib/zustand
    devDependencies:
      '@types/react':
        specifier: ^18.2.64
        version: 18.2.64
      '@types/react-dom':
        specifier: ^18.2.21
        version: 18.2.21
      '@types/react-router-dom':
        specifier: ^5.3.3
        version: 5.3.3
      '@vitejs/plugin-react':
        specifier: ^4.3.0
        version: 4.3.0
      typescript:
        specifier: ^5.4.2
        version: 5.4.2
      vite:
        specifier: ^5.2.0
        version: 5.2.0
  contracts:
    devDependencies:
      '@ton-community/blueprint':
        specifier: ^0.24.0
        version: 0.24.0
      '@ton-community/sandbox':
        specifier: ^0.19.0
        version: 0.19.0
      '@ton-community/test-utils':
        specifier: ^0.3.3
        version: 0.3.3
      ton-core:
        specifier: ^0.56.3
        version: 0.56.3
      'ts-node':
        specifier: ^10.9.2
        version: 10.9.2
      tslib:
        specifier: ^2.6.2
        version: 2.6.2
      typescript:
        specifier: ^5.4.5
        version: 5.4.5
      tsx:
        specifier: ^4.7.0
        version: 4.7.0
packages: {}
